
Microsoft Visual Studio Solution File, Format Version 12.00
# Visual Studio 15
VisualStudioVersion = 15.0.28010.2019
MinimumVisualStudioVersion = 10.0.40219.1
Project("{FAE04EC0-301F-11D3-BF4B-00C04F79EFBC}") = "testlib1", "testlib1\testlib1.csproj", "{D7B25943-A17A-4E61-B7AC-DAB59322CF1D}"
EndProject
Global
	GlobalSection(SolutionConfigurationPlatforms) = preSolution
		Debug|Any CPU = Debug|Any CPU
		Release|Any CPU = Release|Any CPU
	EndGlobalSection
	GlobalSection(ProjectConfigurationPlatforms) = postSolution
		{D7B25943-A17A-4E61-B7AC-DAB59322CF1D}.Debug|Any CPU.ActiveCfg = Debug|Any CPU
		{D7B25943-A17A-4E61-B7AC-DAB59322CF1D}.Debug|Any CPU.Build.0 = Debug|Any CPU
		{D7B25943-A17A-4E61-B7AC-DAB59322CF1D}.Release|Any CPU.ActiveCfg = Release|Any CPU
		{D7B25943-A17A-4E61-B7AC-DAB59322CF1D}.Release|Any CPU.Build.0 = Release|Any CPU
	EndGlobalSection
	GlobalSection(SolutionProperties) = preSolution
		HideSolutionNode = FALSE
	EndGlobalSection
	GlobalSection(ExtensibilityGlobals) = postSolution
		SolutionGuid = {54DC7641-F687-4F8C-B086-0C45E5489DA9}
	EndGlobalSection
EndGlobal
